Microsoft Visual Studio Solution File, Format Version 12.00
# Visual Studio Version 17
VisualStudioVersion = 17.0.31903.59
MinimumVisualStudioVersion = 10.0.40219.1
Project("{2150E333-8FDC-42A3-9474-1A3956D46DE8}") = "src", "src", "{F00D9872-C4F7-4C79-A602-E59BB587B5C3}"
EndProject
Project("{FAE04EC0-301F-11D3-BF4B-00C04F79EFBC}") = "ProjeX.Domain", "src\ProjeX.Domain\ProjeX.Domain.csproj", "{24428703-3F60-4CFD-928E-FD62895C201A}"
EndProject
Project("{FAE04EC0-301F-11D3-BF4B-00C04F79EFBC}") = "ProjeX.Application", "src\ProjeX.Application\ProjeX.Application.csproj", "{11138666-8E30-4497-BF5B-C980B7F49533}"
EndProject
Project("{FAE04EC0-301F-11D3-BF4B-00C04F79EFBC}") = "ProjeX.Infrastructure", "src\ProjeX.Infrastructure\ProjeX.Infrastructure.csproj", "{6AE62413-D9E8-45C3-9EBF-0CB4EB81024D}"
EndProject
Project("{FAE04EC0-301F-11D3-BF4B-00C04F79EFBC}") = "ProjeX.Blazor", "src\ProjeX.Blazor\ProjeX.Blazor.csproj", "{9FAB4EB6-F645-4E13-8E72-3F9CC2A89842}"
EndProject
Global
	GlobalSection(SolutionConfigurationPlatforms) = preSolution
		Debug|Any CPU = Debug|Any CPU
		Release|Any CPU = Release|Any CPU
	EndGlobalSection
	GlobalSection(SolutionProperties) = preSolution
		HideSolutionNode = FALSE
	EndGlobalSection
	GlobalSection(ProjectConfigurationPlatforms) = postSolution
		{24428703-3F60-4CFD-928E-FD62895C201A}.Debug|Any CPU.ActiveCfg = Debug|Any CPU
		{24428703-3F60-4CFD-928E-FD62895C201A}.Debug|Any CPU.Build.0 = Debug|Any CPU
		{24428703-3F60-4CFD-928E-FD62895C201A}.Release|Any CPU.ActiveCfg = Release|Any CPU
		{24428703-3F60-4CFD-928E-FD62895C201A}.Release|Any CPU.Build.0 = Release|Any CPU
		{11138666-8E30-4497-BF5B-C980B7F49533}.Debug|Any CPU.ActiveCfg = Debug|Any CPU
		{11138666-8E30-4497-BF5B-C980B7F49533}.Debug|Any CPU.Build.0 = Debug|Any CPU
		{11138666-8E30-4497-BF5B-C980B7F49533}.Release|Any CPU.ActiveCfg = Release|Any CPU
		{11138666-8E30-4497-BF5B-C980B7F49533}.Release|Any CPU.Build.0 = Release|Any CPU
		{6AE62413-D9E8-45C3-9EBF-0CB4EB81024D}.Debug|Any CPU.ActiveCfg = Debug|Any CPU
		{6AE62413-D9E8-45C3-9EBF-0CB4EB81024D}.Debug|Any CPU.Build.0 = Debug|Any CPU
		{6AE62413-D9E8-45C3-9EBF-0CB4EB81024D}.Release|Any CPU.ActiveCfg = Release|Any CPU
		{6AE62413-D9E8-45C3-9EBF-0CB4EB81024D}.Release|Any CPU.Build.0 = Release|Any CPU
		{9FAB4EB6-F645-4E13-8E72-3F9CC2A89842}.Debug|Any CPU.ActiveCfg = Debug|Any CPU
		{9FAB4EB6-F645-4E13-8E72-3F9CC2A89842}.Debug|Any CPU.Build.0 = Debug|Any CPU
		{9FAB4EB6-F645-4E13-8E72-3F9CC2A89842}.Release|Any CPU.ActiveCfg = Release|Any CPU
		{9FAB4EB6-F645-4E13-8E72-3F9CC2A89842}.Release|Any CPU.Build.0 = Release|Any CPU
	EndGlobalSection
	GlobalSection(NestedProjects) = preSolution
		{24428703-3F60-4CFD-928E-FD62895C201A} = {F00D9872-C4F7-4C79-A602-E59BB587B5C3}
		{11138666-8E30-4497-BF5B-C980B7F49533} = {F00D9872-C4F7-4C79-A602-E59BB587B5C3}
		{6AE62413-D9E8-45C3-9EBF-0CB4EB81024D} = {F00D9872-C4F7-4C79-A602-E59BB587B5C3}
		{9FAB4EB6-F645-4E13-8E72-3F9CC2A89842} = {F00D9872-C4F7-4C79-A602-E59BB587B5C3}
	EndGlobalSection
EndGlobal

